// !$*UTF8*$!
{
	archiveVersion = 1;
	classes = {
	};
	objectVersion = 46;
	objects = {

/* Begin PBXBuildFile section */
		16C6EDED579076B5320AFD9B /* Pods_00_RxSwift.framework in Frameworks */ = {isa = PBXBuildFile; fileRef = CF840BD5AF6F46C976A2ED76 /* Pods_00_RxSwift.framework */; };
/* End PBXBuildFile section */

/* Begin PBXFileReference section */
		59879DB5BCE4DF2B97446330 /* Pods-00-RxSwift.debug.xcconfig */ = {isa = PBXFileReference; includeInIndex = 1; lastKnownFileType = text.xcconfig; name = "Pods-00-RxSwift.debug.xcconfig"; path = "Pods/Target Support Files/Pods-00-RxSwift/Pods-00-RxSwift.debug.xcconfig"; sourceTree = "<group>"; };
		5C8174F51E767A3E00BEAF93 /* Transforming_operators.playground */ = {isa = PBXFileReference; lastKnownFileType = file.playground; path = Transforming_operators.playground; sourceTree = "<group>"; };
		5CA9CF241E74333C00CA3738 /* 00-RxSwift.app */ = {isa = PBXFileReference; explicitFileType = wrapper.application; includeInIndex = 0; path = "00-RxSwift.app"; sourceTree = BUILT_PRODUCTS_DIR; };
		5CA9CF331E74333C00CA3738 /* Info.plist */ = {isa = PBXFileReference; lastKnownFileType = text.plist.xml; path = Info.plist; sourceTree = "<group>"; };
		5CA9CF391E7434D300CA3738 /* Create_and_subscribing_to_observables.playground */ = {isa = PBXFileReference; lastKnownFileType = file.playground; path = Create_and_subscribing_to_observables.playground; sourceTree = "<group>"; };
		5CAACC411E7595D100589AC1 /* Subjects.playground */ = {isa = PBXFileReference; lastKnownFileType = file.playground; path = Subjects.playground; sourceTree = "<group>"; };
		5CAACC421E763E8000589AC1 /* Combining_Operators.playground */ = {isa = PBXFileReference; lastKnownFileType = file.playground; path = Combining_Operators.playground; sourceTree = "<group>"; };
		CF840BD5AF6F46C976A2ED76 /* Pods_00_RxSwift.framework */ = {isa = PBXFileReference; explicitFileType = wrapper.framework; includeInIndex = 0; path = Pods_00_RxSwift.framework; sourceTree = BUILT_PRODUCTS_DIR; };
		FE29ABF51BB250B710675073 /* Pods-00-RxSwift.release.xcconfig */ = {isa = PBXFileReference; includeInIndex = 1; lastKnownFileType = text.xcconfig; name = "Pods-00-RxSwift.release.xcconfig"; path = "Pods/Target Support Files/Pods-00-RxSwift/Pods-00-RxSwift.release.xcconfig"; sourceTree = "<group>"; };
/* End PBXFileReference section */

/* Begin PBXFrameworksBuildPhase section */
		5CA9CF211E74333C00CA3738 /* Frameworks */ = {
			isa = PBXFrameworksBuildPhase;
			buildActionMask = 2147483647;
			files = (
				16C6EDED579076B5320AFD9B /* Pods_00_RxSwift.framework in Frameworks */,
			);
			runOnlyForDeploymentPostprocessing = 0;
		};
/* End PBXFrameworksBuildPhase section */

/* Begin PBXGroup section */
		2D77D376F63CD677921CC10E /* Frameworks */ = {
			isa = PBXGroup;
			children = (
				CF840BD5AF6F46C976A2ED76 /* Pods_00_RxSwift.framework */,
			);
			name = Frameworks;
			sourceTree = "<group>";
		};
		5CA9CF1B1E74333C00CA3738 = {
			isa = PBXGroup;
			children = (
				5CA9CF261E74333C00CA3738 /* 00-RxSwift */,
				5CA9CF251E74333C00CA3738 /* Products */,
				DF94C544A82F76F3314D7B19 /* Pods */,
				2D77D376F63CD677921CC10E /* Frameworks */,
			);
			sourceTree = "<group>";
		};
		5CA9CF251E74333C00CA3738 /* Products */ = {
			isa = PBXGroup;
			children = (
				5CA9CF241E74333C00CA3738 /* 00-RxSwift.app */,
			);
			name = Products;
			sourceTree = "<group>";
		};
		5CA9CF261E74333C00CA3738 /* 00-RxSwift */ = {
			isa = PBXGroup;
			children = (
				5CA9CF331E74333C00CA3738 /* Info.plist */,
				5CA9CF391E7434D300CA3738 /* Create_and_subscribing_to_observables.playground */,
				5CAACC411E7595D100589AC1 /* Subjects.playground */,
				5CAACC421E763E8000589AC1 /* Combining_Operators.playground */,
				5C8174F51E767A3E00BEAF93 /* Transforming_operators.playground */,
			);
			path = "00-RxSwift";
			sourceTree = "<group>";
		};
		DF94C544A82F76F3314D7B19 /* Pods */ = {
			isa = PBXGroup;
			children = (
				59879DB5BCE4DF2B97446330 /* Pods-00-RxSwift.debug.xcconfig */,
				FE29ABF51BB250B710675073 /* Pods-00-RxSwift.release.xcconfig */,
			);
			name = Pods;
			sourceTree = "<group>";
		};
/* End PBXGroup section */

/* Begin PBXNativeTarget section */
		5CA9CF231E74333C00CA3738 /* 00-RxSwift */ = {
			isa = PBXNativeTarget;
			buildConfigurationList = 5CA9CF361E74333C00CA3738 /* Build configuration list for PBXNativeTarget "00-RxSwift" */;
			buildPhases = (
				1023D2F5D1D1C92FF8420B85 /* [CP] Check Pods Manifest.lock */,
				5CA9CF201E74333C00CA3738 /* Sources */,
				5CA9CF211E74333C00CA3738 /* Frameworks */,
				5CA9CF221E74333C00CA3738 /* Resources */,
				A1EC5200369C3AB925EE5CE3 /* [CP] Embed Pods Frameworks */,
				1AE67CF75538C522CB54DCF0 /* [CP] Copy Pods Resources */,
			);
			buildRules = (
			);
			dependencies = (
			);
			name = "00-RxSwift";
			productName = "00-RxSwift";
			productReference = 5CA9CF241E74333C00CA3738 /* 00-RxSwift.app */;
			productType = "com.apple.product-type.application";
		};
/* End PBXNativeTarget section */

/* Begin PBXProject section */
		5CA9CF1C1E74333C00CA3738 /* Project object */ = {
			isa = PBXProject;
			attributes = {
				LastSwiftUpdateCheck = 0820;
				LastUpgradeCheck = 0820;
				ORGANIZATIONNAME = Rocky;
				TargetAttributes = {
					5CA9CF231E74333C00CA3738 = {
						CreatedOnToolsVersion = 8.2.1;
						DevelopmentTeam = NQ84VMKY7C;
						ProvisioningStyle = Automatic;
					};
				};
			};
			buildConfigurationList = 5CA9CF1F1E74333C00CA3738 /* Build configuration list for PBXProject "00-RxSwift" */;
			compatibilityVersion = "Xcode 3.2";
			developmentRegion = English;
			hasScannedForEncodings = 0;
			knownRegions = (
				en,
				Base,
			);
			mainGroup = 5CA9CF1B1E74333C00CA3738;
			productRefGroup = 5CA9CF251E74333C00CA3738 /* Products */;
			projectDirPath = "";
			projectRoot = "";
			targets = (
				5CA9CF231E74333C00CA3738 /* 00-RxSwift */,
			);
		};
/* End PBXProject section */

/* Begin PBXResourcesBuildPhase section */
		5CA9CF221E74333C00CA3738 /* Resources */ = {
			isa = PBXResourcesBuildPhase;
			buildActionMask = 2147483647;
			files = (
			);
			runOnlyForDeploymentPostprocessing = 0;
		};
/* End PBXResourcesBuildPhase section */

/* Begin PBXShellScriptBuildPhase section */
		1023D2F5D1D1C92FF8420B85 /* [CP] Check Pods Manifest.lock */ = {
			isa = PBXShellScriptBuildPhase;
			buildActionMask = 2147483647;
			files = (
			);
			inputPaths = (
			);
			name = "[CP] Check Pods Manifest.lock";
			outputPaths = (
			);
			runOnlyForDeploymentPostprocessing = 0;
			shellPath = /bin/sh;
			shellScript = "diff \"${PODS_ROOT}/../Podfile.lock\" \"${PODS_ROOT}/Manifest.lock\" > /dev/null\nif [ $? != 0 ] ; then\n    # print error to STDERR\n    echo \"error: The sandbox is not in sync with the Podfile.lock. Run 'pod install' or update your CocoaPods installation.\" >&2\n    exit 1\nfi\n";
			showEnvVarsInLog = 0;
		};
		1AE67CF75538C522CB54DCF0 /* [CP] Copy Pods Resources */ = {
			isa = PBXShellScriptBuildPhase;
			buildActionMask = 2147483647;
			files = (
			);
			inputPaths = (
			);
			name = "[CP] Copy Pods Resources";
			outputPaths = (
			);
			runOnlyForDeploymentPostprocessing = 0;
			shellPath = /bin/sh;
			shellScript = "\"${SRCROOT}/Pods/Target Support Files/Pods-00-RxSwift/Pods-00-RxSwift-resources.sh\"\n";
			showEnvVarsInLog = 0;
		};
		A1EC5200369C3AB925EE5CE3 /* [CP] Embed Pods Frameworks */ = {
			isa = PBXShellScriptBuildPhase;
			buildActionMask = 2147483647;
			files = (
			);
			inputPaths = (
			);
			name = "[CP] Embed Pods Frameworks";
			outputPaths = (
			);
			runOnlyForDeploymentPostprocessing = 0;
			shellPath = /bin/sh;
			shellScript = "\"${SRCROOT}/Pods/Target Support Files/Pods-00-RxSwift/Pods-00-RxSwift-frameworks.sh\"\n";
			showEnvVarsInLog = 0;
		};
/* End PBXShellScriptBuildPhase section */

/* Begin PBXSourcesBuildPhase section */
		5CA9CF201E74333C00CA3738 /* Sources */ = {
			isa = PBXSourcesBuildPhase;
			buildActionMask = 2147483647;
			files = (
			);
			runOnlyForDeploymentPostprocessing = 0;
		};
/* End PBXSourcesBuildPhase section */

/* Begin XCBuildConfiguration section */
		5CA9CF341E74333C00CA3738 /* Debug */ = {
			isa = XCBuildConfiguration;
			buildSettings = {
				ALWAYS_SEARCH_USER_PATHS = NO;
				CLANG_ANALYZER_NONNULL = YES;
				CLANG_CXX_LANGUAGE_STANDARD = "gnu++0x";
				CLANG_CXX_LIBRARY = "libc++";
				CLANG_ENABLE_MODULES = YES;
				CLANG_ENABLE_OBJC_ARC = YES;
				CLANG_WARN_BOOL_CONVERSION = YES;
				CLANG_WARN_CONSTANT_CONVERSION = YES;
				CLANG_WARN_DIRECT_OBJC_ISA_USAGE = YES_ERROR;
				CLANG_WARN_DOCUMENTATION_COMMENTS = YES;
				CLANG_WARN_EMPTY_BODY = YES;
				CLANG_WARN_ENUM_CONVERSION = YES;
				CLANG_WARN_INFINITE_RECURSION = YES;
				CLANG_WARN_INT_CONVERSION = YES;
				CLANG_WARN_OBJC_ROOT_CLASS = YES_ERROR;
				CLANG_WARN_SUSPICIOUS_MOVE = YES;
				CLANG_WARN_UNREACHABLE_CODE = YES;
				CLANG_WARN__DUPLICATE_METHOD_MATCH = YES;
				"CODE_SIGN_IDENTITY[sdk=iphoneos*]" = "iPhone Developer";
				COPY_PHASE_STRIP = NO;
				DEBUG_INFORMATION_FORMAT = dwarf;
				ENABLE_STRICT_OBJC_MSGSEND = YES;
				ENABLE_TESTABILITY = YES;
				GCC_C_LANGUAGE_STANDARD = gnu99;
				GCC_DYNAMIC_NO_PIC = NO;
				GCC_NO_COMMON_BLOCKS = YES;
				GCC_OPTIMIZATION_LEVEL = 0;
				GCC_PREPROCESSOR_DEFINITIONS = (
					"DEBUG=1",
					"$(inherited)",
				);
				GCC_WARN_64_TO_32_BIT_CONVERSION = YES;
				GCC_WARN_ABOUT_RETURN_TYPE = YES_ERROR;
				GCC_WARN_UNDECLARED_SELECTOR = YES;
				GCC_WARN_UNINITIALIZED_AUTOS = YES_AGGRESSIVE;
				GCC_WARN_UNUSED_FUNCTION = YES;
				GCC_WARN_UNUSED_VARIABLE = YES;
				IPHONEOS_DEPLOYMENT_TARGET = 10.2;
				MTL_ENABLE_DEBUG_INFO = YES;
				ONLY_ACTIVE_ARCH = YES;
				SDKROOT = iphoneos;
				SWIFT_ACTIVE_COMPILATION_CONDITIONS = DEBUG;
				SWIFT_OPTIMIZATION_LEVEL = "-Onone";
			};
			name = Debug;
		};
		5CA9CF351E74333C00CA3738 /* Release */ = {
			isa = XCBuildConfiguration;
			buildSettings = {
				ALWAYS_SEARCH_USER_PATHS = NO;
				CLANG_ANALYZER_NONNULL = YES;
				CLANG_CXX_LANGUAGE_STANDARD = "gnu++0x";
				CLANG_CXX_LIBRARY = "libc++";
				CLANG_ENABLE_MODULES = YES;
				CLANG_ENABLE_OBJC_ARC = YES;
				CLANG_WARN_BOOL_CONVERSION = YES;
				CLANG_WARN_CONSTANT_CONVERSION = YES;
				CLANG_WARN_DIRECT_OBJC_ISA_USAGE = YES_ERROR;
				CLANG_WARN_DOCUMENTATION_COMMENTS = YES;
				CLANG_WARN_EMPTY_BODY = YES;
				CLANG_WARN_ENUM_CONVERSION = YES;
				CLANG_WARN_INFINITE_RECURSION = YES;
				CLANG_WARN_INT_CONVERSION = YES;
				CLANG_WARN_OBJC_ROOT_CLASS = YES_ERROR;
				CLANG_WARN_SUSPICIOUS_MOVE = YES;
				CLANG_WARN_UNREACHABLE_CODE = YES;
				CLANG_WARN__DUPLICATE_METHOD_MATCH = YES;
				"CODE_SIGN_IDENTITY[sdk=iphoneos*]" = "iPhone Developer";
				COPY_PHASE_STRIP = NO;
				DEBUG_INFORMATION_FORMAT = "dwarf-with-dsym";
				ENABLE_NS_ASSERTIONS = NO;
				ENABLE_STRICT_OBJC_MSGSEND = YES;
				GCC_C_LANGUAGE_STANDARD = gnu99;
				GCC_NO_COMMON_BLOCKS = YES;
				GCC_WARN_64_TO_32_BIT_CONVERSION = YES;
				GCC_WARN_ABOUT_RETURN_TYPE = YES_ERROR;
				GCC_WARN_UNDECLARED_SELECTOR = YES;
				GCC_WARN_UNINITIALIZED_AUTOS = YES_AGGRESSIVE;
				GCC_WARN_UNUSED_FUNCTION = YES;
				GCC_WARN_UNUSED_VARIABLE = YES;
				IPHONEOS_DEPLOYMENT_TARGET = 10.2;
				MTL_ENABLE_DEBUG_INFO = NO;
				SDKROOT = iphoneos;
				SWIFT_OPTIMIZATION_LEVEL = "-Owholemodule";
				VALIDATE_PRODUCT = YES;
			};
			name = Release;
		};
		5CA9CF371E74333C00CA3738 /* Debug */ = {
			isa = XCBuildConfiguration;
			baseConfigurationReference = 59879DB5BCE4DF2B97446330 /* Pods-00-RxSwift.debug.xcconfig */;
			buildSettings = {
				ASSETCATALOG_COMPILER_APPICON_NAME = AppIcon;
				DEVELOPMENT_TEAM = NQ84VMKY7C;
				INFOPLIST_FILE = "00-RxSwift/Info.plist";
				LD_RUNPATH_SEARCH_PATHS = "$(inherited) @executable_path/Frameworks";
				PRODUCT_BUNDLE_IDENTIFIER = "com.rocky.-0-RxSwift";
				PRODUCT_NAME = "$(TARGET_NAME)";
				SWIFT_VERSION = 3.0;
			};
			name = Debug;
		};
		5CA9CF381E74333C00CA3738 /* Release */ = {
			isa = XCBuildConfiguration;
			baseConfigurationReference = FE29ABF51BB250B710675073 /* Pods-00-RxSwift.release.xcconfig */;
			buildSettings = {
				ASSETCATALOG_COMPILER_APPICON_NAME = AppIcon;
				DEVELOPMENT_TEAM = NQ84VMKY7C;
				INFOPLIST_FILE = "00-RxSwift/Info.plist";
				LD_RUNPATH_SEARCH_PATHS = "$(inherited) @executable_path/Frameworks";
				PRODUCT_BUNDLE_IDENTIFIER = "com.rocky.-0-RxSwift";
				PRODUCT_NAME = "$(TARGET_NAME)";
				SWIFT_VERSION = 3.0;
			};
			name = Release;
		};
/* End XCBuildConfiguration section */

/* Begin XCConfigurationList section */
		5CA9CF1F1E74333C00CA3738 /* Build configuration list for PBXProject "00-RxSwift" */ = {
			isa = XCConfigurationList;
			buildConfigurations = (
				5CA9CF341E74333C00CA3738 /* Debug */,
				5CA9CF351E74333C00CA3738 /* Release */,
			);
			defaultConfigurationIsVisible = 0;
			defaultConfigurationName = Release;
		};
		5CA9CF361E74333C00CA3738 /* Build configuration list for PBXNativeTarget "00-RxSwift" */ = {
			isa = XCConfigurationList;
			buildConfigurations = (
				5CA9CF371E74333C00CA3738 /* Debug */,
				5CA9CF381E74333C00CA3738 /* Release */,
			);
			defaultConfigurationIsVisible = 0;
			defaultConfigurationName = Release;
		};
/* End XCConfigurationList section */
	};
	rootObject = 5CA9CF1C1E74333C00CA3738 /* Project object */;
}
