// !$*UTF8*$!
{
	archiveVersion = 1;
	classes = {
	};
	objectVersion = 46;
	objects = {

/* Begin PBXBuildFile section */
		156368DF54AC8D40E414FEC9 /* Pods_03_BindTableView.framework in Frameworks */ = {isa = PBXBuildFile; fileRef = 2F9FA29A3D28E0A3E461F2A0 /* Pods_03_BindTableView.framework */; };
		5C8175471E7A6BAD00BEAF93 /* AppDelegate.swift in Sources */ = {isa = PBXBuildFile; fileRef = 5C8175461E7A6BAD00BEAF93 /* AppDelegate.swift */; };
		5C8175491E7A6BAD00BEAF93 /* ViewController.swift in Sources */ = {isa = PBXBuildFile; fileRef = 5C8175481E7A6BAD00BEAF93 /* ViewController.swift */; };
		5C81754C1E7A6BAD00BEAF93 /* Main.storyboard in Resources */ = {isa = PBXBuildFile; fileRef = 5C81754A1E7A6BAD00BEAF93 /* Main.storyboard */; };
		5C81754E1E7A6BAD00BEAF93 /* Assets.xcassets in Resources */ = {isa = PBXBuildFile; fileRef = 5C81754D1E7A6BAD00BEAF93 /* Assets.xcassets */; };
		5C8175511E7A6BAD00BEAF93 /* LaunchScreen.storyboard in Resources */ = {isa = PBXBuildFile; fileRef = 5C81754F1E7A6BAD00BEAF93 /* LaunchScreen.storyboard */; };
		5C8175591E7A6E2400BEAF93 /* Contributor.swift in Sources */ = {isa = PBXBuildFile; fileRef = 5C8175581E7A6E2400BEAF93 /* Contributor.swift */; };
/* End PBXBuildFile section */

/* Begin PBXFileReference section */
		2F9FA29A3D28E0A3E461F2A0 /* Pods_03_BindTableView.framework */ = {isa = PBXFileReference; explicitFileType = wrapper.framework; includeInIndex = 0; path = Pods_03_BindTableView.framework; sourceTree = BUILT_PRODUCTS_DIR; };
		3269770D1AA6C65419F92182 /* Pods-03-BindTableView.release.xcconfig */ = {isa = PBXFileReference; includeInIndex = 1; lastKnownFileType = text.xcconfig; name = "Pods-03-BindTableView.release.xcconfig"; path = "Pods/Target Support Files/Pods-03-BindTableView/Pods-03-BindTableView.release.xcconfig"; sourceTree = "<group>"; };
		5C8175431E7A6BAD00BEAF93 /* 03-BindTableView.app */ = {isa = PBXFileReference; explicitFileType = wrapper.application; includeInIndex = 0; path = "03-BindTableView.app"; sourceTree = BUILT_PRODUCTS_DIR; };
		5C8175461E7A6BAD00BEAF93 /* AppDelegate.swift */ = {isa = PBXFileReference; lastKnownFileType = sourcecode.swift; path = AppDelegate.swift; sourceTree = "<group>"; };
		5C8175481E7A6BAD00BEAF93 /* ViewController.swift */ = {isa = PBXFileReference; lastKnownFileType = sourcecode.swift; path = ViewController.swift; sourceTree = "<group>"; };
		5C81754B1E7A6BAD00BEAF93 /* Base */ = {isa = PBXFileReference; lastKnownFileType = file.storyboard; name = Base; path = Base.lproj/Main.storyboard; sourceTree = "<group>"; };
		5C81754D1E7A6BAD00BEAF93 /* Assets.xcassets */ = {isa = PBXFileReference; lastKnownFileType = folder.assetcatalog; path = Assets.xcassets; sourceTree = "<group>"; };
		5C8175501E7A6BAD00BEAF93 /* Base */ = {isa = PBXFileReference; lastKnownFileType = file.storyboard; name = Base; path = Base.lproj/LaunchScreen.storyboard; sourceTree = "<group>"; };
		5C8175521E7A6BAD00BEAF93 /* Info.plist */ = {isa = PBXFileReference; lastKnownFileType = text.plist.xml; path = Info.plist; sourceTree = "<group>"; };
		5C8175581E7A6E2400BEAF93 /* Contributor.swift */ = {isa = PBXFileReference; fileEncoding = 4; lastKnownFileType = sourcecode.swift; path = Contributor.swift; sourceTree = "<group>"; };
		DD4F188224C21064867B1EA2 /* Pods-03-BindTableView.debug.xcconfig */ = {isa = PBXFileReference; includeInIndex = 1; lastKnownFileType = text.xcconfig; name = "Pods-03-BindTableView.debug.xcconfig"; path = "Pods/Target Support Files/Pods-03-BindTableView/Pods-03-BindTableView.debug.xcconfig"; sourceTree = "<group>"; };
/* End PBXFileReference section */

/* Begin PBXFrameworksBuildPhase section */
		5C8175401E7A6BAD00BEAF93 /* Frameworks */ = {
			isa = PBXFrameworksBuildPhase;
			buildActionMask = 2147483647;
			files = (
				156368DF54AC8D40E414FEC9 /* Pods_03_BindTableView.framework in Frameworks */,
			);
			runOnlyForDeploymentPostprocessing = 0;
		};
/* End PBXFrameworksBuildPhase section */

/* Begin PBXGroup section */
		04F4A9078E811EC6D752E333 /* Pods */ = {
			isa = PBXGroup;
			children = (
				DD4F188224C21064867B1EA2 /* Pods-03-BindTableView.debug.xcconfig */,
				3269770D1AA6C65419F92182 /* Pods-03-BindTableView.release.xcconfig */,
			);
			name = Pods;
			sourceTree = "<group>";
		};
		2F162B2CC53B4DDB772E37DE /* Frameworks */ = {
			isa = PBXGroup;
			children = (
				2F9FA29A3D28E0A3E461F2A0 /* Pods_03_BindTableView.framework */,
			);
			name = Frameworks;
			sourceTree = "<group>";
		};
		5C81753A1E7A6BAD00BEAF93 = {
			isa = PBXGroup;
			children = (
				5C8175451E7A6BAD00BEAF93 /* 03-BindTableView */,
				5C8175441E7A6BAD00BEAF93 /* Products */,
				04F4A9078E811EC6D752E333 /* Pods */,
				2F162B2CC53B4DDB772E37DE /* Frameworks */,
			);
			sourceTree = "<group>";
		};
		5C8175441E7A6BAD00BEAF93 /* Products */ = {
			isa = PBXGroup;
			children = (
				5C8175431E7A6BAD00BEAF93 /* 03-BindTableView.app */,
			);
			name = Products;
			sourceTree = "<group>";
		};
		5C8175451E7A6BAD00BEAF93 /* 03-BindTableView */ = {
			isa = PBXGroup;
			children = (
				5C8175461E7A6BAD00BEAF93 /* AppDelegate.swift */,
				5C8175481E7A6BAD00BEAF93 /* ViewController.swift */,
				5C81754A1E7A6BAD00BEAF93 /* Main.storyboard */,
				5C81754D1E7A6BAD00BEAF93 /* Assets.xcassets */,
				5C81754F1E7A6BAD00BEAF93 /* LaunchScreen.storyboard */,
				5C8175521E7A6BAD00BEAF93 /* Info.plist */,
				5C8175581E7A6E2400BEAF93 /* Contributor.swift */,
			);
			path = "03-BindTableView";
			sourceTree = "<group>";
		};
/* End PBXGroup section */

/* Begin PBXNativeTarget section */
		5C8175421E7A6BAD00BEAF93 /* 03-BindTableView */ = {
			isa = PBXNativeTarget;
			buildConfigurationList = 5C8175551E7A6BAD00BEAF93 /* Build configuration list for PBXNativeTarget "03-BindTableView" */;
			buildPhases = (
				FFC167D349C0B3F5AF7483FE /* [CP] Check Pods Manifest.lock */,
				5C81753F1E7A6BAD00BEAF93 /* Sources */,
				5C8175401E7A6BAD00BEAF93 /* Frameworks */,
				5C8175411E7A6BAD00BEAF93 /* Resources */,
				DBC898B314787F02E6376297 /* [CP] Embed Pods Frameworks */,
				6B5BC29D8C30EC7729EAB6FD /* [CP] Copy Pods Resources */,
			);
			buildRules = (
			);
			dependencies = (
			);
			name = "03-BindTableView";
			productName = "03-BindTableView";
			productReference = 5C8175431E7A6BAD00BEAF93 /* 03-BindTableView.app */;
			productType = "com.apple.product-type.application";
		};
/* End PBXNativeTarget section */

/* Begin PBXProject section */
		5C81753B1E7A6BAD00BEAF93 /* Project object */ = {
			isa = PBXProject;
			attributes = {
				LastSwiftUpdateCheck = 0820;
				LastUpgradeCheck = 0820;
				ORGANIZATIONNAME = Rocky;
				TargetAttributes = {
					5C8175421E7A6BAD00BEAF93 = {
						CreatedOnToolsVersion = 8.2.1;
						DevelopmentTeam = NQ84VMKY7C;
						ProvisioningStyle = Automatic;
					};
				};
			};
			buildConfigurationList = 5C81753E1E7A6BAD00BEAF93 /* Build configuration list for PBXProject "03-BindTableView" */;
			compatibilityVersion = "Xcode 3.2";
			developmentRegion = English;
			hasScannedForEncodings = 0;
			knownRegions = (
				en,
				Base,
			);
			mainGroup = 5C81753A1E7A6BAD00BEAF93;
			productRefGroup = 5C8175441E7A6BAD00BEAF93 /* Products */;
			projectDirPath = "";
			projectRoot = "";
			targets = (
				5C8175421E7A6BAD00BEAF93 /* 03-BindTableView */,
			);
		};
/* End PBXProject section */

/* Begin PBXResourcesBuildPhase section */
		5C8175411E7A6BAD00BEAF93 /* Resources */ = {
			isa = PBXResourcesBuildPhase;
			buildActionMask = 2147483647;
			files = (
				5C8175511E7A6BAD00BEAF93 /* LaunchScreen.storyboard in Resources */,
				5C81754E1E7A6BAD00BEAF93 /* Assets.xcassets in Resources */,
				5C81754C1E7A6BAD00BEAF93 /* Main.storyboard in Resources */,
			);
			runOnlyForDeploymentPostprocessing = 0;
		};
/* End PBXResourcesBuildPhase section */

/* Begin PBXShellScriptBuildPhase section */
		6B5BC29D8C30EC7729EAB6FD /* [CP] Copy Pods Resources */ = {
			isa = PBXShellScriptBuildPhase;
			buildActionMask = 2147483647;
			files = (
			);
			inputPaths = (
			);
			name = "[CP] Copy Pods Resources";
			outputPaths = (
			);
			runOnlyForDeploymentPostprocessing = 0;
			shellPath = /bin/sh;
			shellScript = "\"${SRCROOT}/Pods/Target Support Files/Pods-03-BindTableView/Pods-03-BindTableView-resources.sh\"\n";
			showEnvVarsInLog = 0;
		};
		DBC898B314787F02E6376297 /* [CP] Embed Pods Frameworks */ = {
			isa = PBXShellScriptBuildPhase;
			buildActionMask = 2147483647;
			files = (
			);
			inputPaths = (
			);
			name = "[CP] Embed Pods Frameworks";
			outputPaths = (
			);
			runOnlyForDeploymentPostprocessing = 0;
			shellPath = /bin/sh;
			shellScript = "\"${SRCROOT}/Pods/Target Support Files/Pods-03-BindTableView/Pods-03-BindTableView-frameworks.sh\"\n";
			showEnvVarsInLog = 0;
		};
		FFC167D349C0B3F5AF7483FE /* [CP] Check Pods Manifest.lock */ = {
			isa = PBXShellScriptBuildPhase;
			buildActionMask = 2147483647;
			files = (
			);
			inputPaths = (
			);
			name = "[CP] Check Pods Manifest.lock";
			outputPaths = (
			);
			runOnlyForDeploymentPostprocessing = 0;
			shellPath = /bin/sh;
			shellScript = "diff \"${PODS_ROOT}/../Podfile.lock\" \"${PODS_ROOT}/Manifest.lock\" > /dev/null\nif [ $? != 0 ] ; then\n    # print error to STDERR\n    echo \"error: The sandbox is not in sync with the Podfile.lock. Run 'pod install' or update your CocoaPods installation.\" >&2\n    exit 1\nfi\n";
			showEnvVarsInLog = 0;
		};
/* End PBXShellScriptBuildPhase section */

/* Begin PBXSourcesBuildPhase section */
		5C81753F1E7A6BAD00BEAF93 /* Sources */ = {
			isa = PBXSourcesBuildPhase;
			buildActionMask = 2147483647;
			files = (
				5C8175491E7A6BAD00BEAF93 /* ViewController.swift in Sources */,
				5C8175591E7A6E2400BEAF93 /* Contributor.swift in Sources */,
				5C8175471E7A6BAD00BEAF93 /* AppDelegate.swift in Sources */,
			);
			runOnlyForDeploymentPostprocessing = 0;
		};
/* End PBXSourcesBuildPhase section */

/* Begin PBXVariantGroup section */
		5C81754A1E7A6BAD00BEAF93 /* Main.storyboard */ = {
			isa = PBXVariantGroup;
			children = (
				5C81754B1E7A6BAD00BEAF93 /* Base */,
			);
			name = Main.storyboard;
			sourceTree = "<group>";
		};
		5C81754F1E7A6BAD00BEAF93 /* LaunchScreen.storyboard */ = {
			isa = PBXVariantGroup;
			children = (
				5C8175501E7A6BAD00BEAF93 /* Base */,
			);
			name = LaunchScreen.storyboard;
			sourceTree = "<group>";
		};
/* End PBXVariantGroup section */

/* Begin XCBuildConfiguration section */
		5C8175531E7A6BAD00BEAF93 /* Debug */ = {
			isa = XCBuildConfiguration;
			buildSettings = {
				ALWAYS_SEARCH_USER_PATHS = NO;
				CLANG_ANALYZER_NONNULL = YES;
				CLANG_CXX_LANGUAGE_STANDARD = "gnu++0x";
				CLANG_CXX_LIBRARY = "libc++";
				CLANG_ENABLE_MODULES = YES;
				CLANG_ENABLE_OBJC_ARC = YES;
				CLANG_WARN_BOOL_CONVERSION = YES;
				CLANG_WARN_CONSTANT_CONVERSION = YES;
				CLANG_WARN_DIRECT_OBJC_ISA_USAGE = YES_ERROR;
				CLANG_WARN_DOCUMENTATION_COMMENTS = YES;
				CLANG_WARN_EMPTY_BODY = YES;
				CLANG_WARN_ENUM_CONVERSION = YES;
				CLANG_WARN_INFINITE_RECURSION = YES;
				CLANG_WARN_INT_CONVERSION = YES;
				CLANG_WARN_OBJC_ROOT_CLASS = YES_ERROR;
				CLANG_WARN_SUSPICIOUS_MOVE = YES;
				CLANG_WARN_UNREACHABLE_CODE = YES;
				CLANG_WARN__DUPLICATE_METHOD_MATCH = YES;
				"CODE_SIGN_IDENTITY[sdk=iphoneos*]" = "iPhone Developer";
				COPY_PHASE_STRIP = NO;
				DEBUG_INFORMATION_FORMAT = dwarf;
				ENABLE_STRICT_OBJC_MSGSEND = YES;
				ENABLE_TESTABILITY = YES;
				GCC_C_LANGUAGE_STANDARD = gnu99;
				GCC_DYNAMIC_NO_PIC = NO;
				GCC_NO_COMMON_BLOCKS = YES;
				GCC_OPTIMIZATION_LEVEL = 0;
				GCC_PREPROCESSOR_DEFINITIONS = (
					"DEBUG=1",
					"$(inherited)",
				);
				GCC_WARN_64_TO_32_BIT_CONVERSION = YES;
				GCC_WARN_ABOUT_RETURN_TYPE = YES_ERROR;
				GCC_WARN_UNDECLARED_SELECTOR = YES;
				GCC_WARN_UNINITIALIZED_AUTOS = YES_AGGRESSIVE;
				GCC_WARN_UNUSED_FUNCTION = YES;
				GCC_WARN_UNUSED_VARIABLE = YES;
				IPHONEOS_DEPLOYMENT_TARGET = 10.2;
				MTL_ENABLE_DEBUG_INFO = YES;
				ONLY_ACTIVE_ARCH = YES;
				SDKROOT = iphoneos;
				SWIFT_ACTIVE_COMPILATION_CONDITIONS = DEBUG;
				SWIFT_OPTIMIZATION_LEVEL = "-Onone";
			};
			name = Debug;
		};
		5C8175541E7A6BAD00BEAF93 /* Release */ = {
			isa = XCBuildConfiguration;
			buildSettings = {
				ALWAYS_SEARCH_USER_PATHS = NO;
				CLANG_ANALYZER_NONNULL = YES;
				CLANG_CXX_LANGUAGE_STANDARD = "gnu++0x";
				CLANG_CXX_LIBRARY = "libc++";
				CLANG_ENABLE_MODULES = YES;
				CLANG_ENABLE_OBJC_ARC = YES;
				CLANG_WARN_BOOL_CONVERSION = YES;
				CLANG_WARN_CONSTANT_CONVERSION = YES;
				CLANG_WARN_DIRECT_OBJC_ISA_USAGE = YES_ERROR;
				CLANG_WARN_DOCUMENTATION_COMMENTS = YES;
				CLANG_WARN_EMPTY_BODY = YES;
				CLANG_WARN_ENUM_CONVERSION = YES;
				CLANG_WARN_INFINITE_RECURSION = YES;
				CLANG_WARN_INT_CONVERSION = YES;
				CLANG_WARN_OBJC_ROOT_CLASS = YES_ERROR;
				CLANG_WARN_SUSPICIOUS_MOVE = YES;
				CLANG_WARN_UNREACHABLE_CODE = YES;
				CLANG_WARN__DUPLICATE_METHOD_MATCH = YES;
				"CODE_SIGN_IDENTITY[sdk=iphoneos*]" = "iPhone Developer";
				COPY_PHASE_STRIP = NO;
				DEBUG_INFORMATION_FORMAT = "dwarf-with-dsym";
				ENABLE_NS_ASSERTIONS = NO;
				ENABLE_STRICT_OBJC_MSGSEND = YES;
				GCC_C_LANGUAGE_STANDARD = gnu99;
				GCC_NO_COMMON_BLOCKS = YES;
				GCC_WARN_64_TO_32_BIT_CONVERSION = YES;
				GCC_WARN_ABOUT_RETURN_TYPE = YES_ERROR;
				GCC_WARN_UNDECLARED_SELECTOR = YES;
				GCC_WARN_UNINITIALIZED_AUTOS = YES_AGGRESSIVE;
				GCC_WARN_UNUSED_FUNCTION = YES;
				GCC_WARN_UNUSED_VARIABLE = YES;
				IPHONEOS_DEPLOYMENT_TARGET = 10.2;
				MTL_ENABLE_DEBUG_INFO = NO;
				SDKROOT = iphoneos;
				SWIFT_OPTIMIZATION_LEVEL = "-Owholemodule";
				VALIDATE_PRODUCT = YES;
			};
			name = Release;
		};
		5C8175561E7A6BAD00BEAF93 /* Debug */ = {
			isa = XCBuildConfiguration;
			baseConfigurationReference = DD4F188224C21064867B1EA2 /* Pods-03-BindTableView.debug.xcconfig */;
			buildSettings = {
				ASSETCATALOG_COMPILER_APPICON_NAME = AppIcon;
				DEVELOPMENT_TEAM = NQ84VMKY7C;
				INFOPLIST_FILE = "03-BindTableView/Info.plist";
				LD_RUNPATH_SEARCH_PATHS = "$(inherited) @executable_path/Frameworks";
				PRODUCT_BUNDLE_IDENTIFIER = "com.rocky.-3-BindTableView";
				PRODUCT_NAME = "$(TARGET_NAME)";
				SWIFT_VERSION = 3.0;
			};
			name = Debug;
		};
		5C8175571E7A6BAD00BEAF93 /* Release */ = {
			isa = XCBuildConfiguration;
			baseConfigurationReference = 3269770D1AA6C65419F92182 /* Pods-03-BindTableView.release.xcconfig */;
			buildSettings = {
				ASSETCATALOG_COMPILER_APPICON_NAME = AppIcon;
				DEVELOPMENT_TEAM = NQ84VMKY7C;
				INFOPLIST_FILE = "03-BindTableView/Info.plist";
				LD_RUNPATH_SEARCH_PATHS = "$(inherited) @executable_path/Frameworks";
				PRODUCT_BUNDLE_IDENTIFIER = "com.rocky.-3-BindTableView";
				PRODUCT_NAME = "$(TARGET_NAME)";
				SWIFT_VERSION = 3.0;
			};
			name = Release;
		};
/* End XCBuildConfiguration section */

/* Begin XCConfigurationList section */
		5C81753E1E7A6BAD00BEAF93 /* Build configuration list for PBXProject "03-BindTableView" */ = {
			isa = XCConfigurationList;
			buildConfigurations = (
				5C8175531E7A6BAD00BEAF93 /* Debug */,
				5C8175541E7A6BAD00BEAF93 /* Release */,
			);
			defaultConfigurationIsVisible = 0;
			defaultConfigurationName = Release;
		};
		5C8175551E7A6BAD00BEAF93 /* Build configuration list for PBXNativeTarget "03-BindTableView" */ = {
			isa = XCConfigurationList;
			buildConfigurations = (
				5C8175561E7A6BAD00BEAF93 /* Debug */,
				5C8175571E7A6BAD00BEAF93 /* Release */,
			);
			defaultConfigurationIsVisible = 0;
			defaultConfigurationName = Release;
		};
/* End XCConfigurationList section */
	};
	rootObject = 5C81753B1E7A6BAD00BEAF93 /* Project object */;
}
